
Microsoft Visual Studio Solution File, Format Version 12.00
# Visual Studio Version 17
VisualStudioVersion = 17.5.33627.172
MinimumVisualStudioVersion = 10.0.40219.1
Project("{9A19103F-16F7-4668-BE54-9A1E7A4F7556}") = "ExtensibilitySandbox", "ExtensibilitySandbox\ExtensibilitySandbox.csproj", "{48D88FF5-CB5A-4B66-8B29-26D7A4085D49}"
EndProject
Global
	GlobalSection(SolutionConfigurationPlatforms) = preSolution
		Debug|Any CPU = Debug|Any CPU
		Release|Any CPU = Release|Any CPU
	EndGlobalSection
	GlobalSection(ProjectConfigurationPlatforms) = postSolution
		{48D88FF5-CB5A-4B66-8B29-26D7A4085D49}.Debug|Any CPU.ActiveCfg = Debug|Any CPU
		{48D88FF5-CB5A-4B66-8B29-26D7A4085D49}.Debug|Any CPU.Build.0 = Debug|Any CPU
		{48D88FF5-CB5A-4B66-8B29-26D7A4085D49}.Release|Any CPU.ActiveCfg = Debug|Any CPU
		{48D88FF5-CB5A-4B66-8B29-26D7A4085D49}.Release|Any CPU.Build.0 = Debug|Any CPU
	EndGlobalSection
	GlobalSection(SolutionProperties) = preSolution
		HideSolutionNode = FALSE
	EndGlobalSection
	GlobalSection(ExtensibilityGlobals) = postSolution
		SolutionGuid = {C9494997-AD1B-4A62-B2E5-CE72A51F275A}
	EndGlobalSection
EndGlobal
